
Microsoft Visual Studio Solution File, Format Version 12.00
# Visual Studio Version 17
VisualStudioVersion = 17.0.31903.59
MinimumVisualStudioVersion = 10.0.40219.1
Project("{FAE04EC0-301F-11D3-BF4B-00C04F79EFBC}") = "MinimalWeb", "src\MinimalWeb\MinimalWeb.csproj", "{79729506-67EA-4423-9090-A311BD30A21C}"
EndProject
Project("{2150E333-8FDC-42A3-9474-1A3956D46DE8}") = "src", "src", "{6E4D0B83-FC39-448F-9A0F-4413338FCF12}"
EndProject
Global
	GlobalSection(SolutionConfigurationPlatforms) = preSolution
		Debug|Any CPU = Debug|Any CPU
		Release|Any CPU = Release|Any CPU
	EndGlobalSection
	GlobalSection(SolutionProperties) = preSolution
		HideSolutionNode = FALSE
	EndGlobalSection
	GlobalSection(ProjectConfigurationPlatforms) = postSolution
		{79729506-67EA-4423-9090-A311BD30A21C}.Debug|Any CPU.ActiveCfg = Debug|Any CPU
		{79729506-67EA-4423-9090-A311BD30A21C}.Debug|Any CPU.Build.0 = Debug|Any CPU
		{79729506-67EA-4423-9090-A311BD30A21C}.Release|Any CPU.ActiveCfg = Release|Any CPU
		{79729506-67EA-4423-9090-A311BD30A21C}.Release|Any CPU.Build.0 = Release|Any CPU
	EndGlobalSection
	GlobalSection(NestedProjects) = preSolution
		{79729506-67EA-4423-9090-A311BD30A21C} = {6E4D0B83-FC39-448F-9A0F-4413338FCF12}
	EndGlobalSection
EndGlobal
